{
  "requires": true,
  "lockfileVersion": 1,
  "dependencies": {
    "@angular/animations": {
      "version": "8.0.2",
      "resolved": "https://registry.npmjs.org/@angular/animations/-/animations-8.0.2.tgz",
      "integrity": "sha512-6buaGp6sgyLWbjioGU0Wp/O9nFEQqD2L18uX5g5P5hdpq0bgopAbBee7AefJ8Kc/Kf79FlaKu9fKP5AEkeC8tA==",
      "requires": {
        "tslib": "^1.9.0"
      }
    },
    "tslib": {
      "version": "1.10.0",
      "resolved": "https://registry.npmjs.org/tslib/-/tslib-1.10.0.tgz",
      "integrity": "sha512-qOebF53frne81cf0S9B41ByenJ3/IuH8yJKngAX35CmiZySA0khhkovshKK+jGCaMnVomla7gVlIcc3EvKPbTQ=="
    }
  }
}
